// !$*UTF8*$!
{
	archiveVersion = 1;
	classes = {
	};
	objectVersion = 46;
	objects = {

/* Begin PBXBuildFile section */
		3CB3F7011B10BDF7001AC110 /* Contents.json in Resources */ = {isa = PBXBuildFile; fileRef = 3CB3F7001B10BDF7001AC110 /* Contents.json */; };
		3CBE85D51B0F621A00B50219 /* AppDelegate.m in Sources */ = {isa = PBXBuildFile; fileRef = 3CBE85D41B0F621A00B50219 /* AppDelegate.m */; };
		3CBE85D71B0F621A00B50219 /* main.m in Sources */ = {isa = PBXBuildFile; fileRef = 3CBE85D61B0F621A00B50219 /* main.m */; };
		3CBE85DA1B0F621A00B50219 /* ViewController.m in Sources */ = {isa = PBXBuildFile; fileRef = 3CBE85D91B0F621A00B50219 /* ViewController.m */; };
		3CBE85DC1B0F621A00B50219 /* Images.xcassets in Resources */ = {isa = PBXBuildFile; fileRef = 3CBE85DB1B0F621A00B50219 /* Images.xcassets */; };
		3CBE85DF1B0F621A00B50219 /* Main.storyboard in Resources */ = {isa = PBXBuildFile; fileRef = 3CBE85DD1B0F621A00B50219 /* Main.storyboard */; };
		3CBE85EB1B0F621A00B50219 /* IconsBundlerTests.m in Sources */ = {isa = PBXBuildFile; fileRef = 3CBE85EA1B0F621A00B50219 /* IconsBundlerTests.m */; };
		3CBE85F61B0F6F3100B50219 /* NSImage+Resize.m in Sources */ = {isa = PBXBuildFile; fileRef = 3CBE85F51B0F6F3100B50219 /* NSImage+Resize.m */; };
/* End PBXBuildFile section */

/* Begin PBXContainerItemProxy section */
		3CBE85E51B0F621A00B50219 /* PBXContainerItemProxy */ = {
			isa = PBXContainerItemProxy;
			containerPortal = 3CBE85C61B0F621A00B50219 /* Project object */;
			proxyType = 1;
			remoteGlobalIDString = 3CBE85CD1B0F621A00B50219;
			remoteInfo = IconsBundler;
		};
/* End PBXContainerItemProxy section */

/* Begin PBXFileReference section */
		3CB3F7001B10BDF7001AC110 /* Contents.json */ = {isa = PBXFileReference; fileEncoding = 4; lastKnownFileType = text.json; path = Contents.json; sourceTree = "<group>"; };
		3CBE85CE1B0F621A00B50219 /* IconsBundler.app */ = {isa = PBXFileReference; explicitFileType = wrapper.application; includeInIndex = 0; path = IconsBundler.app; sourceTree = BUILT_PRODUCTS_DIR; };
		3CBE85D21B0F621A00B50219 /* Info.plist */ = {isa = PBXFileReference; lastKnownFileType = text.plist.xml; path = Info.plist; sourceTree = "<group>"; };
		3CBE85D31B0F621A00B50219 /* AppDelegate.h */ = {isa = PBXFileReference; lastKnownFileType = sourcecode.c.h; path = AppDelegate.h; sourceTree = "<group>"; };
		3CBE85D41B0F621A00B50219 /* AppDelegate.m */ = {isa = PBXFileReference; lastKnownFileType = sourcecode.c.objc; path = AppDelegate.m; sourceTree = "<group>"; };
		3CBE85D61B0F621A00B50219 /* main.m */ = {isa = PBXFileReference; lastKnownFileType = sourcecode.c.objc; path = main.m; sourceTree = "<group>"; };
		3CBE85D81B0F621A00B50219 /* ViewController.h */ = {isa = PBXFileReference; lastKnownFileType = sourcecode.c.h; path = ViewController.h; sourceTree = "<group>"; };
		3CBE85D91B0F621A00B50219 /* ViewController.m */ = {isa = PBXFileReference; lastKnownFileType = sourcecode.c.objc; path = ViewController.m; sourceTree = "<group>"; };
		3CBE85DB1B0F621A00B50219 /* Images.xcassets */ = {isa = PBXFileReference; lastKnownFileType = folder.assetcatalog; path = Images.xcassets; sourceTree = "<group>"; };
		3CBE85DE1B0F621A00B50219 /* Base */ = {isa = PBXFileReference; lastKnownFileType = file.storyboard; name = Base; path = Base.lproj/Main.storyboard; sourceTree = "<group>"; };
		3CBE85E41B0F621A00B50219 /* IconsBundlerTests.xctest */ = {isa = PBXFileReference; explicitFileType = wrapper.cfbundle; includeInIndex = 0; path = IconsBundlerTests.xctest; sourceTree = BUILT_PRODUCTS_DIR; };
		3CBE85E91B0F621A00B50219 /* Info.plist */ = {isa = PBXFileReference; lastKnownFileType = text.plist.xml; path = Info.plist; sourceTree = "<group>"; };
		3CBE85EA1B0F621A00B50219 /* IconsBundlerTests.m */ = {isa = PBXFileReference; lastKnownFileType = sourcecode.c.objc; path = IconsBundlerTests.m; sourceTree = "<group>"; };
		3CBE85F41B0F6F3100B50219 /* NSImage+Resize.h */ = {isa = PBXFileReference; fileEncoding = 4; lastKnownFileType = sourcecode.c.h; path = "NSImage+Resize.h"; sourceTree = "<group>"; };
		3CBE85F51B0F6F3100B50219 /* NSImage+Resize.m */ = {isa = PBXFileReference; fileEncoding = 4; lastKnownFileType = sourcecode.c.objc; path = "NSImage+Resize.m"; sourceTree = "<group>"; };
/* End PBXFileReference section */

/* Begin PBXFrameworksBuildPhase section */
		3CBE85CB1B0F621A00B50219 /* Frameworks */ = {
			isa = PBXFrameworksBuildPhase;
			buildActionMask = 2147483647;
			files = (
			);
			runOnlyForDeploymentPostprocessing = 0;
		};
		3CBE85E11B0F621A00B50219 /* Frameworks */ = {
			isa = PBXFrameworksBuildPhase;
			buildActionMask = 2147483647;
			files = (
			);
			runOnlyForDeploymentPostprocessing = 0;
		};
/* End PBXFrameworksBuildPhase section */

/* Begin PBXGroup section */
		3CBE85C51B0F621A00B50219 = {
			isa = PBXGroup;
			children = (
				3CBE85D01B0F621A00B50219 /* IconsBundler */,
				3CBE85E71B0F621A00B50219 /* IconsBundlerTests */,
				3CBE85CF1B0F621A00B50219 /* Products */,
			);
			sourceTree = "<group>";
		};
		3CBE85CF1B0F621A00B50219 /* Products */ = {
			isa = PBXGroup;
			children = (
				3CBE85CE1B0F621A00B50219 /* IconsBundler.app */,
				3CBE85E41B0F621A00B50219 /* IconsBundlerTests.xctest */,
			);
			name = Products;
			sourceTree = "<group>";
		};
		3CBE85D01B0F621A00B50219 /* IconsBundler */ = {
			isa = PBXGroup;
			children = (
				3CBE85D31B0F621A00B50219 /* AppDelegate.h */,
				3CBE85D41B0F621A00B50219 /* AppDelegate.m */,
				3CBE85D81B0F621A00B50219 /* ViewController.h */,
				3CBE85D91B0F621A00B50219 /* ViewController.m */,
				3CBE85DB1B0F621A00B50219 /* Images.xcassets */,
				3CBE85DD1B0F621A00B50219 /* Main.storyboard */,
				3CBE85D11B0F621A00B50219 /* Supporting Files */,
				3CBE85F41B0F6F3100B50219 /* NSImage+Resize.h */,
				3CBE85F51B0F6F3100B50219 /* NSImage+Resize.m */,
			);
			path = IconsBundler;
			sourceTree = "<group>";
		};
		3CBE85D11B0F621A00B50219 /* Supporting Files */ = {
			isa = PBXGroup;
			children = (
				3CB3F7001B10BDF7001AC110 /* Contents.json */,
				3CBE85D21B0F621A00B50219 /* Info.plist */,
				3CBE85D61B0F621A00B50219 /* main.m */,
			);
			name = "Supporting Files";
			sourceTree = "<group>";
		};
		3CBE85E71B0F621A00B50219 /* IconsBundlerTests */ = {
			isa = PBXGroup;
			children = (
				3CBE85EA1B0F621A00B50219 /* IconsBundlerTests.m */,
				3CBE85E81B0F621A00B50219 /* Supporting Files */,
			);
			path = IconsBundlerTests;
			sourceTree = "<group>";
		};
		3CBE85E81B0F621A00B50219 /* Supporting Files */ = {
			isa = PBXGroup;
			children = (
				3CBE85E91B0F621A00B50219 /* Info.plist */,
			);
			name = "Supporting Files";
			sourceTree = "<group>";
		};
/* End PBXGroup section */

/* Begin PBXNativeTarget section */
		3CBE85CD1B0F621A00B50219 /* IconsBundler */ = {
			isa = PBXNativeTarget;
			buildConfigurationList = 3CBE85EE1B0F621A00B50219 /* Build configuration list for PBXNativeTarget "IconsBundler" */;
			buildPhases = (
				3CBE85CA1B0F621A00B50219 /* Sources */,
				3CBE85CB1B0F621A00B50219 /* Frameworks */,
				3CBE85CC1B0F621A00B50219 /* Resources */,
			);
			buildRules = (
			);
			dependencies = (
			);
			name = IconsBundler;
			productName = IconsBundler;
			productReference = 3CBE85CE1B0F621A00B50219 /* IconsBundler.app */;
			productType = "com.apple.product-type.application";
		};
		3CBE85E31B0F621A00B50219 /* IconsBundlerTests */ = {
			isa = PBXNativeTarget;
			buildConfigurationList = 3CBE85F11B0F621A00B50219 /* Build configuration list for PBXNativeTarget "IconsBundlerTests" */;
			buildPhases = (
				3CBE85E01B0F621A00B50219 /* Sources */,
				3CBE85E11B0F621A00B50219 /* Frameworks */,
				3CBE85E21B0F621A00B50219 /* Resources */,
			);
			buildRules = (
			);
			dependencies = (
				3CBE85E61B0F621A00B50219 /* PBXTargetDependency */,
			);
			name = IconsBundlerTests;
			productName = IconsBundlerTests;
			productReference = 3CBE85E41B0F621A00B50219 /* IconsBundlerTests.xctest */;
			productType = "com.apple.product-type.bundle.unit-test";
		};
/* End PBXNativeTarget section */

/* Begin PBXProject section */
		3CBE85C61B0F621A00B50219 /* Project object */ = {
			isa = PBXProject;
			attributes = {
				LastUpgradeCheck = 0630;
				ORGANIZATIONNAME = "Yann Bouschet";
				TargetAttributes = {
					3CBE85CD1B0F621A00B50219 = {
						CreatedOnToolsVersion = 6.3.1;
					};
					3CBE85E31B0F621A00B50219 = {
						CreatedOnToolsVersion = 6.3.1;
						TestTargetID = 3CBE85CD1B0F621A00B50219;
					};
				};
			};
			buildConfigurationList = 3CBE85C91B0F621A00B50219 /* Build configuration list for PBXProject "IconsBundler" */;
			compatibilityVersion = "Xcode 3.2";
			developmentRegion = English;
			hasScannedForEncodings = 0;
			knownRegions = (
				en,
				Base,
			);
			mainGroup = 3CBE85C51B0F621A00B50219;
			productRefGroup = 3CBE85CF1B0F621A00B50219 /* Products */;
			projectDirPath = "";
			projectRoot = "";
			targets = (
				3CBE85CD1B0F621A00B50219 /* IconsBundler */,
				3CBE85E31B0F621A00B50219 /* IconsBundlerTests */,
			);
		};
/* End PBXProject section */

/* Begin PBXResourcesBuildPhase section */
		3CBE85CC1B0F621A00B50219 /* Resources */ = {
			isa = PBXResourcesBuildPhase;
			buildActionMask = 2147483647;
			files = (
				3CBE85DC1B0F621A00B50219 /* Images.xcassets in Resources */,
				3CBE85DF1B0F621A00B50219 /* Main.storyboard in Resources */,
				3CB3F7011B10BDF7001AC110 /* Contents.json in Resources */,
			);
			runOnlyForDeploymentPostprocessing = 0;
		};
		3CBE85E21B0F621A00B50219 /* Resources */ = {
			isa = PBXResourcesBuildPhase;
			buildActionMask = 2147483647;
			files = (
			);
			runOnlyForDeploymentPostprocessing = 0;
		};
/* End PBXResourcesBuildPhase section */

/* Begin PBXSourcesBuildPhase section */
		3CBE85CA1B0F621A00B50219 /* Sources */ = {
			isa = PBXSourcesBuildPhase;
			buildActionMask = 2147483647;
			files = (
				3CBE85F61B0F6F3100B50219 /* NSImage+Resize.m in Sources */,
				3CBE85DA1B0F621A00B50219 /* ViewController.m in Sources */,
				3CBE85D71B0F621A00B50219 /* main.m in Sources */,
				3CBE85D51B0F621A00B50219 /* AppDelegate.m in Sources */,
			);
			runOnlyForDeploymentPostprocessing = 0;
		};
		3CBE85E01B0F621A00B50219 /* Sources */ = {
			isa = PBXSourcesBuildPhase;
			buildActionMask = 2147483647;
			files = (
				3CBE85EB1B0F621A00B50219 /* IconsBundlerTests.m in Sources */,
			);
			runOnlyForDeploymentPostprocessing = 0;
		};
/* End PBXSourcesBuildPhase section */

/* Begin PBXTargetDependency section */
		3CBE85E61B0F621A00B50219 /* PBXTargetDependency */ = {
			isa = PBXTargetDependency;
			target = 3CBE85CD1B0F621A00B50219 /* IconsBundler */;
			targetProxy = 3CBE85E51B0F621A00B50219 /* PBXContainerItemProxy */;
		};
/* End PBXTargetDependency section */

/* Begin PBXVariantGroup section */
		3CBE85DD1B0F621A00B50219 /* Main.storyboard */ = {
			isa = PBXVariantGroup;
			children = (
				3CBE85DE1B0F621A00B50219 /* Base */,
			);
			name = Main.storyboard;
			sourceTree = "<group>";
		};
/* End PBXVariantGroup section */

/* Begin XCBuildConfiguration section */
		3CBE85EC1B0F621A00B50219 /* Debug */ = {
			isa = XCBuildConfiguration;
			buildSettings = {
				ALWAYS_SEARCH_USER_PATHS = NO;
				CLANG_CXX_LANGUAGE_STANDARD = "gnu++0x";
				CLANG_CXX_LIBRARY = "libc++";
				CLANG_ENABLE_MODULES = YES;
				CLANG_ENABLE_OBJC_ARC = YES;
				CLANG_WARN_BOOL_CONVERSION = YES;
				CLANG_WARN_CONSTANT_CONVERSION = YES;
				CLANG_WARN_DIRECT_OBJC_ISA_USAGE = YES_ERROR;
				CLANG_WARN_EMPTY_BODY = YES;
				CLANG_WARN_ENUM_CONVERSION = YES;
				CLANG_WARN_INT_CONVERSION = YES;
				CLANG_WARN_OBJC_ROOT_CLASS = YES_ERROR;
				CLANG_WARN_UNREACHABLE_CODE = YES;
				CLANG_WARN__DUPLICATE_METHOD_MATCH = YES;
				CODE_SIGN_IDENTITY = "-";
				COPY_PHASE_STRIP = NO;
				DEBUG_INFORMATION_FORMAT = dwarf;
				ENABLE_STRICT_OBJC_MSGSEND = YES;
				GCC_C_LANGUAGE_STANDARD = gnu99;
				GCC_DYNAMIC_NO_PIC = NO;
				GCC_NO_COMMON_BLOCKS = YES;
				GCC_OPTIMIZATION_LEVEL = 0;
				GCC_PREPROCESSOR_DEFINITIONS = (
					"DEBUG=1",
					"$(inherited)",
				);
				GCC_SYMBOLS_PRIVATE_EXTERN = NO;
				GCC_WARN_64_TO_32_BIT_CONVERSION = YES;
				GCC_WARN_ABOUT_RETURN_TYPE = YES_ERROR;
				GCC_WARN_UNDECLARED_SELECTOR = YES;
				GCC_WARN_UNINITIALIZED_AUTOS = YES_AGGRESSIVE;
				GCC_WARN_UNUSED_FUNCTION = YES;
				GCC_WARN_UNUSED_VARIABLE = YES;
				MACOSX_DEPLOYMENT_TARGET = 10.10;
				MTL_ENABLE_DEBUG_INFO = YES;
				ONLY_ACTIVE_ARCH = YES;
				SDKROOT = macosx;
			};
			name = Debug;
		};
		3CBE85ED1B0F621A00B50219 /* Release */ = {
			isa = XCBuildConfiguration;
			buildSettings = {
				ALWAYS_SEARCH_USER_PATHS = NO;
				CLANG_CXX_LANGUAGE_STANDARD = "gnu++0x";
				CLANG_CXX_LIBRARY = "libc++";
				CLANG_ENABLE_MODULES = YES;
				CLANG_ENABLE_OBJC_ARC = YES;
				CLANG_WARN_BOOL_CONVERSION = YES;
				CLANG_WARN_CONSTANT_CONVERSION = YES;
				CLANG_WARN_DIRECT_OBJC_ISA_USAGE = YES_ERROR;
				CLANG_WARN_EMPTY_BODY = YES;
				CLANG_WARN_ENUM_CONVERSION = YES;
				CLANG_WARN_INT_CONVERSION = YES;
				CLANG_WARN_OBJC_ROOT_CLASS = YES_ERROR;
				CLANG_WARN_UNREACHABLE_CODE = YES;
				CLANG_WARN__DUPLICATE_METHOD_MATCH = YES;
				CODE_SIGN_IDENTITY = "-";
				COPY_PHASE_STRIP = NO;
				DEBUG_INFORMATION_FORMAT = "dwarf-with-dsym";
				ENABLE_NS_ASSERTIONS = NO;
				ENABLE_STRICT_OBJC_MSGSEND = YES;
				GCC_C_LANGUAGE_STANDARD = gnu99;
				GCC_NO_COMMON_BLOCKS = YES;
				GCC_WARN_64_TO_32_BIT_CONVERSION = YES;
				GCC_WARN_ABOUT_RETURN_TYPE = YES_ERROR;
				GCC_WARN_UNDECLARED_SELECTOR = YES;
				GCC_WARN_UNINITIALIZED_AUTOS = YES_AGGRESSIVE;
				GCC_WARN_UNUSED_FUNCTION = YES;
				GCC_WARN_UNUSED_VARIABLE = YES;
				MACOSX_DEPLOYMENT_TARGET = 10.10;
				MTL_ENABLE_DEBUG_INFO = NO;
				SDKROOT = macosx;
			};
			name = Release;
		};
		3CBE85EF1B0F621A00B50219 /* Debug */ = {
			isa = XCBuildConfiguration;
			buildSettings = {
				ASSETCATALOG_COMPILER_APPICON_NAME = AppIcon;
				COMBINE_HIDPI_IMAGES = YES;
				INFOPLIST_FILE = IconsBundler/Info.plist;
				LD_RUNPATH_SEARCH_PATHS = "$(inherited) @executable_path/../Frameworks";
				PRODUCT_NAME = "$(TARGET_NAME)";
			};
			name = Debug;
		};
		3CBE85F01B0F621A00B50219 /* Release */ = {
			isa = XCBuildConfiguration;
			buildSettings = {
				ASSETCATALOG_COMPILER_APPICON_NAME = AppIcon;
				COMBINE_HIDPI_IMAGES = YES;
				INFOPLIST_FILE = IconsBundler/Info.plist;
				LD_RUNPATH_SEARCH_PATHS = "$(inherited) @executable_path/../Frameworks";
				PRODUCT_NAME = "$(TARGET_NAME)";
			};
			name = Release;
		};
		3CBE85F21B0F621A00B50219 /* Debug */ = {
			isa = XCBuildConfiguration;
			buildSettings = {
				BUNDLE_LOADER = "$(TEST_HOST)";
				COMBINE_HIDPI_IMAGES = YES;
				FRAMEWORK_SEARCH_PATHS = (
					"$(DEVELOPER_FRAMEWORKS_DIR)",
					"$(inherited)",
				);
				GCC_PREPROCESSOR_DEFINITIONS = (
					"DEBUG=1",
					"$(inherited)",
				);
				INFOPLIST_FILE = IconsBundlerTests/Info.plist;
				LD_RUNPATH_SEARCH_PATHS = "$(inherited) @executable_path/../Frameworks @loader_path/../Frameworks";
				PRODUCT_NAME = "$(TARGET_NAME)";
				TEST_HOST = "$(BUILT_PRODUCTS_DIR)/IconsBundler.app/Contents/MacOS/IconsBundler";
			};
			name = Debug;
		};
		3CBE85F31B0F621A00B50219 /* Release */ = {
			isa = XCBuildConfiguration;
			buildSettings = {
				BUNDLE_LOADER = "$(TEST_HOST)";
				COMBINE_HIDPI_IMAGES = YES;
				FRAMEWORK_SEARCH_PATHS = (
					"$(DEVELOPER_FRAMEWORKS_DIR)",
					"$(inherited)",
				);
				INFOPLIST_FILE = IconsBundlerTests/Info.plist;
				LD_RUNPATH_SEARCH_PATHS = "$(inherited) @executable_path/../Frameworks @loader_path/../Frameworks";
				PRODUCT_NAME = "$(TARGET_NAME)";
				TEST_HOST = "$(BUILT_PRODUCTS_DIR)/IconsBundler.app/Contents/MacOS/IconsBundler";
			};
			name = Release;
		};
/* End XCBuildConfiguration section */

/* Begin XCConfigurationList section */
		3CBE85C91B0F621A00B50219 /* Build configuration list for PBXProject "IconsBundler" */ = {
			isa = XCConfigurationList;
			buildConfigurations = (
				3CBE85EC1B0F621A00B50219 /* Debug */,
				3CBE85ED1B0F621A00B50219 /* Release */,
			);
			defaultConfigurationIsVisible = 0;
			defaultConfigurationName = Release;
		};
		3CBE85EE1B0F621A00B50219 /* Build configuration list for PBXNativeTarget "IconsBundler" */ = {
			isa = XCConfigurationList;
			buildConfigurations = (
				3CBE85EF1B0F621A00B50219 /* Debug */,
				3CBE85F01B0F621A00B50219 /* Release */,
			);
			defaultConfigurationIsVisible = 0;
			defaultConfigurationName = Release;
		};
		3CBE85F11B0F621A00B50219 /* Build configuration list for PBXNativeTarget "IconsBundlerTests" */ = {
			isa = XCConfigurationList;
			buildConfigurations = (
				3CBE85F21B0F621A00B50219 /* Debug */,
				3CBE85F31B0F621A00B50219 /* Release */,
			);
			defaultConfigurationIsVisible = 0;
			defaultConfigurationName = Release;
		};
/* End XCConfigurationList section */
	};
	rootObject = 3CBE85C61B0F621A00B50219 /* Project object */;
}
